
Microsoft Visual Studio Solution File, Format Version 12.00
# Visual Studio Version 17
VisualStudioVersion = 17.0.31903.59
MinimumVisualStudioVersion = 10.0.40219.1
Project("{FAE04EC0-301F-11D3-BF4B-00C04F79EFBC}") = "lib", "lib\lib.csproj", "{1339FE2E-807B-45CF-B345-FA08714E739F}"
EndProject
Global
	GlobalSection(SolutionConfigurationPlatforms) = preSolution
		Debug|Any CPU = Debug|Any CPU
		Release|Any CPU = Release|Any CPU
	EndGlobalSection
	GlobalSection(SolutionProperties) = preSolution
		HideSolutionNode = FALSE
	EndGlobalSection
	GlobalSection(ProjectConfigurationPlatforms) = postSolution
		{1339FE2E-807B-45CF-B345-FA08714E739F}.Debug|Any CPU.ActiveCfg = Debug|Any CPU
		{1339FE2E-807B-45CF-B345-FA08714E739F}.Debug|Any CPU.Build.0 = Debug|Any CPU
		{1339FE2E-807B-45CF-B345-FA08714E739F}.Release|Any CPU.ActiveCfg = Release|Any CPU
		{1339FE2E-807B-45CF-B345-FA08714E739F}.Release|Any CPU.Build.0 = Release|Any CPU
	EndGlobalSection
EndGlobal
